
Microsoft Visual Studio Solution File, Format Version 12.00
Project("{FAE04EC0-301F-11D3-BF4B-00C04F79EFBC}") = "Snake Game", "Snake Game\Snake Game.csproj", "{6A2FD87F-F105-4F8D-9A34-25E05472EA46}"
EndProject
Global
	GlobalSection(SolutionConfigurationPlatforms) = preSolution
		Debug|Any CPU = Debug|Any CPU
		Release|Any CPU = Release|Any CPU
	EndGlobalSection
	GlobalSection(ProjectConfigurationPlatforms) = postSolution
		{6A2FD87F-F105-4F8D-9A34-25E05472EA46}.Debug|Any CPU.ActiveCfg = Debug|Any CPU
		{6A2FD87F-F105-4F8D-9A34-25E05472EA46}.Debug|Any CPU.Build.0 = Debug|Any CPU
		{6A2FD87F-F105-4F8D-9A34-25E05472EA46}.Release|Any CPU.ActiveCfg = Release|Any CPU
		{6A2FD87F-F105-4F8D-9A34-25E05472EA46}.Release|Any CPU.Build.0 = Release|Any CPU
	EndGlobalSection
EndGlobal
